
Microsoft Visual Studio Solution File, Format Version 12.00
# Visual Studio 15
VisualStudioVersion = 15.0.26124.0
MinimumVisualStudioVersion = 15.0.26124.0
Project("{FAE04EC0-301F-11D3-BF4B-00C04F79EFBC}") = "DDD.Application", "DDD.Application\DDD.Application.csproj", "{3E125AC1-F011-4F4A-9695-A7484270DC30}"
EndProject
Project("{FAE04EC0-301F-11D3-BF4B-00C04F79EFBC}") = "DDD.Domain", "DDD.Domain\DDD.Domain.csproj", "{C1384FAE-7D60-4A02-8226-F6F5FC5F6DE0}"
EndProject
Project("{FAE04EC0-301F-11D3-BF4B-00C04F79EFBC}") = "DDD.Infra.Data", "DDD.Infra.Data\DDD.Infra.Data.csproj", "{C765FE2A-E81A-4B51-95A9-E67CB1A0B62B}"
EndProject
Project("{FAE04EC0-301F-11D3-BF4B-00C04F79EFBC}") = "DDD.Service", "DDD.Service\DDD.Service.csproj", "{7EF1A045-7628-4117-BA59-91E990D60AF6}"
EndProject
Global
	GlobalSection(SolutionConfigurationPlatforms) = preSolution
		Debug|Any CPU = Debug|Any CPU
		Debug|x64 = Debug|x64
		Debug|x86 = Debug|x86
		Release|Any CPU = Release|Any CPU
		Release|x64 = Release|x64
		Release|x86 = Release|x86
	EndGlobalSection
	GlobalSection(SolutionProperties) = preSolution
		HideSolutionNode = FALSE
	EndGlobalSection
	GlobalSection(ProjectConfigurationPlatforms) = postSolution
		{3E125AC1-F011-4F4A-9695-A7484270DC30}.Debug|Any CPU.ActiveCfg = Debug|Any CPU
		{3E125AC1-F011-4F4A-9695-A7484270DC30}.Debug|Any CPU.Build.0 = Debug|Any CPU
		{3E125AC1-F011-4F4A-9695-A7484270DC30}.Debug|x64.ActiveCfg = Debug|Any CPU
		{3E125AC1-F011-4F4A-9695-A7484270DC30}.Debug|x64.Build.0 = Debug|Any CPU
		{3E125AC1-F011-4F4A-9695-A7484270DC30}.Debug|x86.ActiveCfg = Debug|Any CPU
		{3E125AC1-F011-4F4A-9695-A7484270DC30}.Debug|x86.Build.0 = Debug|Any CPU
		{3E125AC1-F011-4F4A-9695-A7484270DC30}.Release|Any CPU.ActiveCfg = Release|Any CPU
		{3E125AC1-F011-4F4A-9695-A7484270DC30}.Release|Any CPU.Build.0 = Release|Any CPU
		{3E125AC1-F011-4F4A-9695-A7484270DC30}.Release|x64.ActiveCfg = Release|Any CPU
		{3E125AC1-F011-4F4A-9695-A7484270DC30}.Release|x64.Build.0 = Release|Any CPU
		{3E125AC1-F011-4F4A-9695-A7484270DC30}.Release|x86.ActiveCfg = Release|Any CPU
		{3E125AC1-F011-4F4A-9695-A7484270DC30}.Release|x86.Build.0 = Release|Any CPU
		{C1384FAE-7D60-4A02-8226-F6F5FC5F6DE0}.Debug|Any CPU.ActiveCfg = Debug|Any CPU
		{C1384FAE-7D60-4A02-8226-F6F5FC5F6DE0}.Debug|Any CPU.Build.0 = Debug|Any CPU
		{C1384FAE-7D60-4A02-8226-F6F5FC5F6DE0}.Debug|x64.ActiveCfg = Debug|Any CPU
		{C1384FAE-7D60-4A02-8226-F6F5FC5F6DE0}.Debug|x64.Build.0 = Debug|Any CPU
		{C1384FAE-7D60-4A02-8226-F6F5FC5F6DE0}.Debug|x86.ActiveCfg = Debug|Any CPU
		{C1384FAE-7D60-4A02-8226-F6F5FC5F6DE0}.Debug|x86.Build.0 = Debug|Any CPU
		{C1384FAE-7D60-4A02-8226-F6F5FC5F6DE0}.Release|Any CPU.ActiveCfg = Release|Any CPU
		{C1384FAE-7D60-4A02-8226-F6F5FC5F6DE0}.Release|Any CPU.Build.0 = Release|Any CPU
		{C1384FAE-7D60-4A02-8226-F6F5FC5F6DE0}.Release|x64.ActiveCfg = Release|Any CPU
		{C1384FAE-7D60-4A02-8226-F6F5FC5F6DE0}.Release|x64.Build.0 = Release|Any CPU
		{C1384FAE-7D60-4A02-8226-F6F5FC5F6DE0}.Release|x86.ActiveCfg = Release|Any CPU
		{C1384FAE-7D60-4A02-8226-F6F5FC5F6DE0}.Release|x86.Build.0 = Release|Any CPU
		{C765FE2A-E81A-4B51-95A9-E67CB1A0B62B}.Debug|Any CPU.ActiveCfg = Debug|Any CPU
		{C765FE2A-E81A-4B51-95A9-E67CB1A0B62B}.Debug|Any CPU.Build.0 = Debug|Any CPU
		{C765FE2A-E81A-4B51-95A9-E67CB1A0B62B}.Debug|x64.ActiveCfg = Debug|Any CPU
		{C765FE2A-E81A-4B51-95A9-E67CB1A0B62B}.Debug|x64.Build.0 = Debug|Any CPU
		{C765FE2A-E81A-4B51-95A9-E67CB1A0B62B}.Debug|x86.ActiveCfg = Debug|Any CPU
		{C765FE2A-E81A-4B51-95A9-E67CB1A0B62B}.Debug|x86.Build.0 = Debug|Any CPU
		{C765FE2A-E81A-4B51-95A9-E67CB1A0B62B}.Release|Any CPU.ActiveCfg = Release|Any CPU
		{C765FE2A-E81A-4B51-95A9-E67CB1A0B62B}.Release|Any CPU.Build.0 = Release|Any CPU
		{C765FE2A-E81A-4B51-95A9-E67CB1A0B62B}.Release|x64.ActiveCfg = Release|Any CPU
		{C765FE2A-E81A-4B51-95A9-E67CB1A0B62B}.Release|x64.Build.0 = Release|Any CPU
		{C765FE2A-E81A-4B51-95A9-E67CB1A0B62B}.Release|x86.ActiveCfg = Release|Any CPU
		{C765FE2A-E81A-4B51-95A9-E67CB1A0B62B}.Release|x86.Build.0 = Release|Any CPU
		{7EF1A045-7628-4117-BA59-91E990D60AF6}.Debug|Any CPU.ActiveCfg = Debug|Any CPU
		{7EF1A045-7628-4117-BA59-91E990D60AF6}.Debug|Any CPU.Build.0 = Debug|Any CPU
		{7EF1A045-7628-4117-BA59-91E990D60AF6}.Debug|x64.ActiveCfg = Debug|Any CPU
		{7EF1A045-7628-4117-BA59-91E990D60AF6}.Debug|x64.Build.0 = Debug|Any CPU
		{7EF1A045-7628-4117-BA59-91E990D60AF6}.Debug|x86.ActiveCfg = Debug|Any CPU
		{7EF1A045-7628-4117-BA59-91E990D60AF6}.Debug|x86.Build.0 = Debug|Any CPU
		{7EF1A045-7628-4117-BA59-91E990D60AF6}.Release|Any CPU.ActiveCfg = Release|Any CPU
		{7EF1A045-7628-4117-BA59-91E990D60AF6}.Release|Any CPU.Build.0 = Release|Any CPU
		{7EF1A045-7628-4117-BA59-91E990D60AF6}.Release|x64.ActiveCfg = Release|Any CPU
		{7EF1A045-7628-4117-BA59-91E990D60AF6}.Release|x64.Build.0 = Release|Any CPU
		{7EF1A045-7628-4117-BA59-91E990D60AF6}.Release|x86.ActiveCfg = Release|Any CPU
		{7EF1A045-7628-4117-BA59-91E990D60AF6}.Release|x86.Build.0 = Release|Any CPU
	EndGlobalSection
EndGlobal
